{
  "originHash" : "b49bfcf611d08db2c17979b0aec6edebb04d0ca8736d254ddd852ba90b7c640c",
  "pins" : [
    {
      "identity" : "odio",
      "kind" : "remoteSourceControl",
      "location" : "https://github.com/Barreloofy/Odio",
      "state" : {
        "revision" : "8ba7e74450a21060202f1308a72bd43755c0b9d6",
        "version" : "1.0.1"
      }
    }
  ],
  "version" : 3
}
